{
  "nodes": {
    "nix-software-center": {
      "inputs": {
        "nixpkgs": "nixpkgs",
        "utils": "utils"
      },
      "locked": {
        "lastModified": 1680477702,
        "narHash": "sha256-1KUe0zlXCeBpqTDHPWBBMjkGnRLthJEpQc+82Q7Pp1w=",
        "owner": "vlinkz",
        "repo": "nix-software-center",
        "rev": "8c66618ebb85263e58c4b1b5e46bc954d55a418b",
        "type": "github"
      },
      "original": {
        "owner": "vlinkz",
        "repo": "nix-software-center",
        "type": "github"
      }
    },
    "nixpkgs": {
      "locked": {
        "lastModified": 1680213900,
        "narHash": "sha256-cIDr5WZIj3EkKyCgj/6j3HBH4Jj1W296z7HTcWj1aMA=",
        "owner": "NixOS",
        "repo": "nixpkgs",
        "rev": "e3652e0735fbec227f342712f180f4f21f0594f2",
        "type": "github"
      },
      "original": {
        "owner": "NixOS",
        "ref": "nixos-unstable",
        "repo": "nixpkgs",
        "type": "github"
      }
    },
    "nixpkgs-stable": {
      "locked": {
        "lastModified": 1672580127,
        "narHash": "sha256-3lW3xZslREhJogoOkjeZtlBtvFMyxHku7I/9IVehhT8=",
        "owner": "NixOS",
        "repo": "nixpkgs",
        "rev": "0874168639713f547c05947c76124f78441ea46c",
        "type": "github"
      },
      "original": {
        "id": "nixpkgs",
        "ref": "nixos-22.05",
        "type": "indirect"
      }
    },
    "nixpkgs_2": {
      "locked": {
        "lastModified": 1681737997,
        "narHash": "sha256-pHhjgsIkRMu80LmVe8QoKIZB6VZGRRxFmIvsC5S89k4=",
        "owner": "NixOS",
        "repo": "nixpkgs",
        "rev": "f00994e78cd39e6fc966f0c4103f908e63284780",
        "type": "github"
      },
      "original": {
        "id": "nixpkgs",
        "ref": "nixos-unstable",
        "type": "indirect"
      }
    },
    "nur": {
      "locked": {
        "lastModified": 1689949453,
        "narHash": "sha256-PjnyU1Zs3vKVHuyDL2fU3KelTD7UijdonXhS82cmhs0=",
        "owner": "nix-community",
        "repo": "NUR",
        "rev": "9de4a0b9da190ef91ca14d4f37d5bdce2bf1f3d4",
        "type": "github"
      },
      "original": {
        "owner": "nix-community",
        "repo": "NUR",
        "type": "github"
      }
    },
    "root": {
      "inputs": {
        "nix-software-center": "nix-software-center",
        "nixpkgs": "nixpkgs_2",
        "nixpkgs-stable": "nixpkgs-stable",
        "nur": "nur"
      }
    },
    "utils": {
      "locked": {
        "lastModified": 1678901627,
        "narHash": "sha256-U02riOqrKKzwjsxc/400XnElV+UtPUQWpANPlyazjH0=",
        "owner": "numtide",
        "repo": "flake-utils",
        "rev": "93a2b84fc4b70d9e089d029deacc3583435c2ed6",
        "type": "github"
      },
      "original": {
        "owner": "numtide",
        "repo": "flake-utils",
        "type": "github"
      }
    }
  },
  "root": "root",
  "version": 7
}
